// !$*UTF8*$!
{
	archiveVersion = 1;
	classes = {
	};
	objectVersion = 50;
	objects = {

/* Begin PBXBuildFile section */
		2F10E0B221BAE8C700F57B85 /* AppDelegate.swift in Sources */ = {isa = PBXBuildFile; fileRef = 2F10E0B121BAE8C700F57B85 /* AppDelegate.swift */; };
		2F10E0B421BAE8C700F57B85 /* ImageViewController.swift in Sources */ = {isa = PBXBuildFile; fileRef = 2F10E0B321BAE8C700F57B85 /* ImageViewController.swift */; };
		2F10E0B721BAE8C700F57B85 /* Main.storyboard in Resources */ = {isa = PBXBuildFile; fileRef = 2F10E0B521BAE8C700F57B85 /* Main.storyboard */; };
		2F10E0B921BAE8CA00F57B85 /* Assets.xcassets in Resources */ = {isa = PBXBuildFile; fileRef = 2F10E0B821BAE8CA00F57B85 /* Assets.xcassets */; };
		2F10E0BC21BAE8CA00F57B85 /* LaunchScreen.storyboard in Resources */ = {isa = PBXBuildFile; fileRef = 2F10E0BA21BAE8CA00F57B85 /* LaunchScreen.storyboard */; };
		2F10E0C821BAE9A500F57B85 /* ImageTableViewCell.swift in Sources */ = {isa = PBXBuildFile; fileRef = 2F10E0C721BAE9A500F57B85 /* ImageTableViewCell.swift */; };
		2F10E0CA21BAE9E100F57B85 /* ImageDataStore.swift in Sources */ = {isa = PBXBuildFile; fileRef = 2F10E0C921BAE9E100F57B85 /* ImageDataStore.swift */; };
		2F10E0CC21BAEA2000F57B85 /* ImageModel.swift in Sources */ = {isa = PBXBuildFile; fileRef = 2F10E0CB21BAEA2000F57B85 /* ImageModel.swift */; };
/* End PBXBuildFile section */

/* Begin PBXFileReference section */
		2F10E0AE21BAE8C700F57B85 /* TableViewPrefetch.app */ = {isa = PBXFileReference; explicitFileType = wrapper.application; includeInIndex = 0; path = TableViewPrefetch.app; sourceTree = BUILT_PRODUCTS_DIR; };
		2F10E0B121BAE8C700F57B85 /* AppDelegate.swift */ = {isa = PBXFileReference; lastKnownFileType = sourcecode.swift; path = AppDelegate.swift; sourceTree = "<group>"; };
		2F10E0B321BAE8C700F57B85 /* ImageViewController.swift */ = {isa = PBXFileReference; lastKnownFileType = sourcecode.swift; path = ImageViewController.swift; sourceTree = "<group>"; };
		2F10E0B621BAE8C700F57B85 /* Base */ = {isa = PBXFileReference; lastKnownFileType = file.storyboard; name = Base; path = Base.lproj/Main.storyboard; sourceTree = "<group>"; };
		2F10E0B821BAE8CA00F57B85 /* Assets.xcassets */ = {isa = PBXFileReference; lastKnownFileType = folder.assetcatalog; path = Assets.xcassets; sourceTree = "<group>"; };
		2F10E0BB21BAE8CA00F57B85 /* Base */ = {isa = PBXFileReference; lastKnownFileType = file.storyboard; name = Base; path = Base.lproj/LaunchScreen.storyboard; sourceTree = "<group>"; };
		2F10E0BD21BAE8CA00F57B85 /* Info.plist */ = {isa = PBXFileReference; lastKnownFileType = text.plist.xml; path = Info.plist; sourceTree = "<group>"; };
		2F10E0C721BAE9A500F57B85 /* ImageTableViewCell.swift */ = {isa = PBXFileReference; lastKnownFileType = sourcecode.swift; path = ImageTableViewCell.swift; sourceTree = "<group>"; };
		2F10E0C921BAE9E100F57B85 /* ImageDataStore.swift */ = {isa = PBXFileReference; lastKnownFileType = sourcecode.swift; path = ImageDataStore.swift; sourceTree = "<group>"; };
		2F10E0CB21BAEA2000F57B85 /* ImageModel.swift */ = {isa = PBXFileReference; lastKnownFileType = sourcecode.swift; path = ImageModel.swift; sourceTree = "<group>"; };
/* End PBXFileReference section */

/* Begin PBXFrameworksBuildPhase section */
		2F10E0AB21BAE8C700F57B85 /* Frameworks */ = {
			isa = PBXFrameworksBuildPhase;
			buildActionMask = 2147483647;
			files = (
			);
			runOnlyForDeploymentPostprocessing = 0;
		};
/* End PBXFrameworksBuildPhase section */

/* Begin PBXGroup section */
		2F10E0A521BAE8C700F57B85 = {
			isa = PBXGroup;
			children = (
				2F10E0B021BAE8C700F57B85 /* TableViewPrefetch */,
				2F10E0AF21BAE8C700F57B85 /* Products */,
			);
			sourceTree = "<group>";
		};
		2F10E0AF21BAE8C700F57B85 /* Products */ = {
			isa = PBXGroup;
			children = (
				2F10E0AE21BAE8C700F57B85 /* TableViewPrefetch.app */,
			);
			name = Products;
			sourceTree = "<group>";
		};
		2F10E0B021BAE8C700F57B85 /* TableViewPrefetch */ = {
			isa = PBXGroup;
			children = (
				2F10E0C521BAE8F900F57B85 /* Models */,
				2F10E0C421BAE8F100F57B85 /* Views */,
				2F10E0C321BAE8D800F57B85 /* Controllers */,
				2F10E0C621BAE91200F57B85 /* Other Gubbins */,
			);
			path = TableViewPrefetch;
			sourceTree = "<group>";
		};
		2F10E0C321BAE8D800F57B85 /* Controllers */ = {
			isa = PBXGroup;
			children = (
				2F10E0B321BAE8C700F57B85 /* ImageViewController.swift */,
			);
			path = Controllers;
			sourceTree = "<group>";
		};
		2F10E0C421BAE8F100F57B85 /* Views */ = {
			isa = PBXGroup;
			children = (
				2F10E0B521BAE8C700F57B85 /* Main.storyboard */,
				2F10E0C721BAE9A500F57B85 /* ImageTableViewCell.swift */,
			);
			path = Views;
			sourceTree = "<group>";
		};
		2F10E0C521BAE8F900F57B85 /* Models */ = {
			isa = PBXGroup;
			children = (
				2F10E0C921BAE9E100F57B85 /* ImageDataStore.swift */,
				2F10E0CB21BAEA2000F57B85 /* ImageModel.swift */,
			);
			path = Models;
			sourceTree = "<group>";
		};
		2F10E0C621BAE91200F57B85 /* Other Gubbins */ = {
			isa = PBXGroup;
			children = (
				2F10E0B121BAE8C700F57B85 /* AppDelegate.swift */,
				2F10E0B821BAE8CA00F57B85 /* Assets.xcassets */,
				2F10E0BA21BAE8CA00F57B85 /* LaunchScreen.storyboard */,
				2F10E0BD21BAE8CA00F57B85 /* Info.plist */,
			);
			path = "Other Gubbins";
			sourceTree = "<group>";
		};
/* End PBXGroup section */

/* Begin PBXNativeTarget section */
		2F10E0AD21BAE8C700F57B85 /* TableViewPrefetch */ = {
			isa = PBXNativeTarget;
			buildConfigurationList = 2F10E0C021BAE8CA00F57B85 /* Build configuration list for PBXNativeTarget "TableViewPrefetch" */;
			buildPhases = (
				2F10E0AA21BAE8C700F57B85 /* Sources */,
				2F10E0AB21BAE8C700F57B85 /* Frameworks */,
				2F10E0AC21BAE8C700F57B85 /* Resources */,
			);
			buildRules = (
			);
			dependencies = (
			);
			name = TableViewPrefetch;
			productName = TableViewPrefetch;
			productReference = 2F10E0AE21BAE8C700F57B85 /* TableViewPrefetch.app */;
			productType = "com.apple.product-type.application";
		};
/* End PBXNativeTarget section */

/* Begin PBXProject section */
		2F10E0A621BAE8C700F57B85 /* Project object */ = {
			isa = PBXProject;
			attributes = {
				LastSwiftUpdateCheck = 1010;
				LastUpgradeCheck = 1010;
				ORGANIZATIONNAME = "Rokon Uddin";
				TargetAttributes = {
					2F10E0AD21BAE8C700F57B85 = {
						CreatedOnToolsVersion = 10.1;
					};
				};
			};
			buildConfigurationList = 2F10E0A921BAE8C700F57B85 /* Build configuration list for PBXProject "TableViewPrefetch" */;
			compatibilityVersion = "Xcode 9.3";
			developmentRegion = en;
			hasScannedForEncodings = 0;
			knownRegions = (
				en,
				Base,
			);
			mainGroup = 2F10E0A521BAE8C700F57B85;
			productRefGroup = 2F10E0AF21BAE8C700F57B85 /* Products */;
			projectDirPath = "";
			projectRoot = "";
			targets = (
				2F10E0AD21BAE8C700F57B85 /* TableViewPrefetch */,
			);
		};
/* End PBXProject section */

/* Begin PBXResourcesBuildPhase section */
		2F10E0AC21BAE8C700F57B85 /* Resources */ = {
			isa = PBXResourcesBuildPhase;
			buildActionMask = 2147483647;
			files = (
				2F10E0BC21BAE8CA00F57B85 /* LaunchScreen.storyboard in Resources */,
				2F10E0B921BAE8CA00F57B85 /* Assets.xcassets in Resources */,
				2F10E0B721BAE8C700F57B85 /* Main.storyboard in Resources */,
			);
			runOnlyForDeploymentPostprocessing = 0;
		};
/* End PBXResourcesBuildPhase section */

/* Begin PBXSourcesBuildPhase section */
		2F10E0AA21BAE8C700F57B85 /* Sources */ = {
			isa = PBXSourcesBuildPhase;
			buildActionMask = 2147483647;
			files = (
				2F10E0C821BAE9A500F57B85 /* ImageTableViewCell.swift in Sources */,
				2F10E0CC21BAEA2000F57B85 /* ImageModel.swift in Sources */,
				2F10E0CA21BAE9E100F57B85 /* ImageDataStore.swift in Sources */,
				2F10E0B421BAE8C700F57B85 /* ImageViewController.swift in Sources */,
				2F10E0B221BAE8C700F57B85 /* AppDelegate.swift in Sources */,
			);
			runOnlyForDeploymentPostprocessing = 0;
		};
/* End PBXSourcesBuildPhase section */

/* Begin PBXVariantGroup section */
		2F10E0B521BAE8C700F57B85 /* Main.storyboard */ = {
			isa = PBXVariantGroup;
			children = (
				2F10E0B621BAE8C700F57B85 /* Base */,
			);
			name = Main.storyboard;
			sourceTree = "<group>";
		};
		2F10E0BA21BAE8CA00F57B85 /* LaunchScreen.storyboard */ = {
			isa = PBXVariantGroup;
			children = (
				2F10E0BB21BAE8CA00F57B85 /* Base */,
			);
			name = LaunchScreen.storyboard;
			sourceTree = "<group>";
		};
/* End PBXVariantGroup section */

/* Begin XCBuildConfiguration section */
		2F10E0BE21BAE8CA00F57B85 /* Debug */ = {
			isa = XCBuildConfiguration;
			buildSettings = {
				ALWAYS_SEARCH_USER_PATHS = NO;
				CLANG_ANALYZER_NONNULL = YES;
				CLANG_ANALYZER_NUMBER_OBJECT_CONVERSION = YES_AGGRESSIVE;
				CLANG_CXX_LANGUAGE_STANDARD = "gnu++14";
				CLANG_CXX_LIBRARY = "libc++";
				CLANG_ENABLE_MODULES = YES;
				CLANG_ENABLE_OBJC_ARC = YES;
				CLANG_ENABLE_OBJC_WEAK = YES;
				CLANG_WARN_BLOCK_CAPTURE_AUTORELEASING = YES;
				CLANG_WARN_BOOL_CONVERSION = YES;
				CLANG_WARN_COMMA = YES;
				CLANG_WARN_CONSTANT_CONVERSION = YES;
				CLANG_WARN_DEPRECATED_OBJC_IMPLEMENTATIONS = YES;
				CLANG_WARN_DIRECT_OBJC_ISA_USAGE = YES_ERROR;
				CLANG_WARN_DOCUMENTATION_COMMENTS = YES;
				CLANG_WARN_EMPTY_BODY = YES;
				CLANG_WARN_ENUM_CONVERSION = YES;
				CLANG_WARN_INFINITE_RECURSION = YES;
				CLANG_WARN_INT_CONVERSION = YES;
				CLANG_WARN_NON_LITERAL_NULL_CONVERSION = YES;
				CLANG_WARN_OBJC_IMPLICIT_RETAIN_SELF = YES;
				CLANG_WARN_OBJC_LITERAL_CONVERSION = YES;
				CLANG_WARN_OBJC_ROOT_CLASS = YES_ERROR;
				CLANG_WARN_RANGE_LOOP_ANALYSIS = YES;
				CLANG_WARN_STRICT_PROTOTYPES = YES;
				CLANG_WARN_SUSPICIOUS_MOVE = YES;
				CLANG_WARN_UNGUARDED_AVAILABILITY = YES_AGGRESSIVE;
				CLANG_WARN_UNREACHABLE_CODE = YES;
				CLANG_WARN__DUPLICATE_METHOD_MATCH = YES;
				CODE_SIGN_IDENTITY = "iPhone Developer";
				COPY_PHASE_STRIP = NO;
				DEBUG_INFORMATION_FORMAT = dwarf;
				ENABLE_STRICT_OBJC_MSGSEND = YES;
				ENABLE_TESTABILITY = YES;
				GCC_C_LANGUAGE_STANDARD = gnu11;
				GCC_DYNAMIC_NO_PIC = NO;
				GCC_NO_COMMON_BLOCKS = YES;
				GCC_OPTIMIZATION_LEVEL = 0;
				GCC_PREPROCESSOR_DEFINITIONS = (
					"DEBUG=1",
					"$(inherited)",
				);
				GCC_WARN_64_TO_32_BIT_CONVERSION = YES;
				GCC_WARN_ABOUT_RETURN_TYPE = YES_ERROR;
				GCC_WARN_UNDECLARED_SELECTOR = YES;
				GCC_WARN_UNINITIALIZED_AUTOS = YES_AGGRESSIVE;
				GCC_WARN_UNUSED_FUNCTION = YES;
				GCC_WARN_UNUSED_VARIABLE = YES;
				IPHONEOS_DEPLOYMENT_TARGET = 12.1;
				MTL_ENABLE_DEBUG_INFO = INCLUDE_SOURCE;
				MTL_FAST_MATH = YES;
				ONLY_ACTIVE_ARCH = YES;
				SDKROOT = iphoneos;
				SWIFT_ACTIVE_COMPILATION_CONDITIONS = DEBUG;
				SWIFT_OPTIMIZATION_LEVEL = "-Onone";
			};
			name = Debug;
		};
		2F10E0BF21BAE8CA00F57B85 /* Release */ = {
			isa = XCBuildConfiguration;
			buildSettings = {
				ALWAYS_SEARCH_USER_PATHS = NO;
				CLANG_ANALYZER_NONNULL = YES;
				CLANG_ANALYZER_NUMBER_OBJECT_CONVERSION = YES_AGGRESSIVE;
				CLANG_CXX_LANGUAGE_STANDARD = "gnu++14";
				CLANG_CXX_LIBRARY = "libc++";
				CLANG_ENABLE_MODULES = YES;
				CLANG_ENABLE_OBJC_ARC = YES;
				CLANG_ENABLE_OBJC_WEAK = YES;
				CLANG_WARN_BLOCK_CAPTURE_AUTORELEASING = YES;
				CLANG_WARN_BOOL_CONVERSION = YES;
				CLANG_WARN_COMMA = YES;
				CLANG_WARN_CONSTANT_CONVERSION = YES;
				CLANG_WARN_DEPRECATED_OBJC_IMPLEMENTATIONS = YES;
				CLANG_WARN_DIRECT_OBJC_ISA_USAGE = YES_ERROR;
				CLANG_WARN_DOCUMENTATION_COMMENTS = YES;
				CLANG_WARN_EMPTY_BODY = YES;
				CLANG_WARN_ENUM_CONVERSION = YES;
				CLANG_WARN_INFINITE_RECURSION = YES;
				CLANG_WARN_INT_CONVERSION = YES;
				CLANG_WARN_NON_LITERAL_NULL_CONVERSION = YES;
				CLANG_WARN_OBJC_IMPLICIT_RETAIN_SELF = YES;
				CLANG_WARN_OBJC_LITERAL_CONVERSION = YES;
				CLANG_WARN_OBJC_ROOT_CLASS = YES_ERROR;
				CLANG_WARN_RANGE_LOOP_ANALYSIS = YES;
				CLANG_WARN_STRICT_PROTOTYPES = YES;
				CLANG_WARN_SUSPICIOUS_MOVE = YES;
				CLANG_WARN_UNGUARDED_AVAILABILITY = YES_AGGRESSIVE;
				CLANG_WARN_UNREACHABLE_CODE = YES;
				CLANG_WARN__DUPLICATE_METHOD_MATCH = YES;
				CODE_SIGN_IDENTITY = "iPhone Developer";
				COPY_PHASE_STRIP = NO;
				DEBUG_INFORMATION_FORMAT = "dwarf-with-dsym";
				ENABLE_NS_ASSERTIONS = NO;
				ENABLE_STRICT_OBJC_MSGSEND = YES;
				GCC_C_LANGUAGE_STANDARD = gnu11;
				GCC_NO_COMMON_BLOCKS = YES;
				GCC_WARN_64_TO_32_BIT_CONVERSION = YES;
				GCC_WARN_ABOUT_RETURN_TYPE = YES_ERROR;
				GCC_WARN_UNDECLARED_SELECTOR = YES;
				GCC_WARN_UNINITIALIZED_AUTOS = YES_AGGRESSIVE;
				GCC_WARN_UNUSED_FUNCTION = YES;
				GCC_WARN_UNUSED_VARIABLE = YES;
				IPHONEOS_DEPLOYMENT_TARGET = 12.1;
				MTL_ENABLE_DEBUG_INFO = NO;
				MTL_FAST_MATH = YES;
				SDKROOT = iphoneos;
				SWIFT_COMPILATION_MODE = wholemodule;
				SWIFT_OPTIMIZATION_LEVEL = "-O";
				VALIDATE_PRODUCT = YES;
			};
			name = Release;
		};
		2F10E0C121BAE8CA00F57B85 /* Debug */ = {
			isa = XCBuildConfiguration;
			buildSettings = {
				ASSETCATALOG_COMPILER_APPICON_NAME = AppIcon;
				CODE_SIGN_STYLE = Manual;
				DEVELOPMENT_TEAM = "";
				INFOPLIST_FILE = "$(SRCROOT)/TableViewPrefetch/Other Gubbins/Info.plist";
				LD_RUNPATH_SEARCH_PATHS = (
					"$(inherited)",
					"@executable_path/Frameworks",
				);
				PRODUCT_BUNDLE_IDENTIFIER = com.snailgames.test;
				PRODUCT_NAME = "$(TARGET_NAME)";
				PROVISIONING_PROFILE_SPECIFIER = "";
				SWIFT_VERSION = 4.2;
				TARGETED_DEVICE_FAMILY = "1,2";
			};
			name = Debug;
		};
		2F10E0C221BAE8CA00F57B85 /* Release */ = {
			isa = XCBuildConfiguration;
			buildSettings = {
				ASSETCATALOG_COMPILER_APPICON_NAME = AppIcon;
				CODE_SIGN_STYLE = Manual;
				DEVELOPMENT_TEAM = "";
				INFOPLIST_FILE = "$(SRCROOT)/TableViewPrefetch/Other Gubbins/Info.plist";
				LD_RUNPATH_SEARCH_PATHS = (
					"$(inherited)",
					"@executable_path/Frameworks",
				);
				PRODUCT_BUNDLE_IDENTIFIER = com.snailgames.test;
				PRODUCT_NAME = "$(TARGET_NAME)";
				PROVISIONING_PROFILE_SPECIFIER = "";
				SWIFT_VERSION = 4.2;
				TARGETED_DEVICE_FAMILY = "1,2";
			};
			name = Release;
		};
/* End XCBuildConfiguration section */

/* Begin XCConfigurationList section */
		2F10E0A921BAE8C700F57B85 /* Build configuration list for PBXProject "TableViewPrefetch" */ = {
			isa = XCConfigurationList;
			buildConfigurations = (
				2F10E0BE21BAE8CA00F57B85 /* Debug */,
				2F10E0BF21BAE8CA00F57B85 /* Release */,
			);
			defaultConfigurationIsVisible = 0;
			defaultConfigurationName = Release;
		};
		2F10E0C021BAE8CA00F57B85 /* Build configuration list for PBXNativeTarget "TableViewPrefetch" */ = {
			isa = XCConfigurationList;
			buildConfigurations = (
				2F10E0C121BAE8CA00F57B85 /* Debug */,
				2F10E0C221BAE8CA00F57B85 /* Release */,
			);
			defaultConfigurationIsVisible = 0;
			defaultConfigurationName = Release;
		};
/* End XCConfigurationList section */
	};
	rootObject = 2F10E0A621BAE8C700F57B85 /* Project object */;
}
