// !$*UTF8*$!
{
	archiveVersion = 1;
	classes = {
	};
	objectVersion = 50;
	objects = {

/* Begin PBXBuildFile section */
		E5CDF62D2616E19200157D73 /* ImageModel.swift in Sources */ = {isa = PBXBuildFile; fileRef = E5CDF62C2616E19100157D73 /* ImageModel.swift */; };
		E5CDF6322616E41C00157D73 /* ProloadTableViewCell.swift in Sources */ = {isa = PBXBuildFile; fileRef = E5CDF6312616E41C00157D73 /* ProloadTableViewCell.swift */; };
		E5CDF6362616E5A200157D73 /* PreloadCellViewModel.swift in Sources */ = {isa = PBXBuildFile; fileRef = E5CDF6352616E5A200157D73 /* PreloadCellViewModel.swift */; };
		E5CDF63B2616FB5D00157D73 /* RobohashClient.swift in Sources */ = {isa = PBXBuildFile; fileRef = E5CDF63A2616FB5C00157D73 /* RobohashClient.swift */; };
		E5D9E1292609BC010054280A /* AppDelegate.swift in Sources */ = {isa = PBXBuildFile; fileRef = E5D9E1282609BC010054280A /* AppDelegate.swift */; };
		E5D9E12B2609BC010054280A /* SceneDelegate.swift in Sources */ = {isa = PBXBuildFile; fileRef = E5D9E12A2609BC010054280A /* SceneDelegate.swift */; };
		E5D9E12D2609BC010054280A /* ViewController.swift in Sources */ = {isa = PBXBuildFile; fileRef = E5D9E12C2609BC010054280A /* ViewController.swift */; };
		E5D9E1302609BC010054280A /* Main.storyboard in Resources */ = {isa = PBXBuildFile; fileRef = E5D9E12E2609BC010054280A /* Main.storyboard */; };
		E5D9E1322609BC0C0054280A /* Assets.xcassets in Resources */ = {isa = PBXBuildFile; fileRef = E5D9E1312609BC0C0054280A /* Assets.xcassets */; };
		E5D9E1352609BC0C0054280A /* LaunchScreen.storyboard in Resources */ = {isa = PBXBuildFile; fileRef = E5D9E1332609BC0C0054280A /* LaunchScreen.storyboard */; };
/* End PBXBuildFile section */

/* Begin PBXFileReference section */
		E5CDF62C2616E19100157D73 /* ImageModel.swift */ = {isa = PBXFileReference; lastKnownFileType = sourcecode.swift; path = ImageModel.swift; sourceTree = "<group>"; };
		E5CDF6312616E41C00157D73 /* ProloadTableViewCell.swift */ = {isa = PBXFileReference; lastKnownFileType = sourcecode.swift; path = ProloadTableViewCell.swift; sourceTree = "<group>"; };
		E5CDF6352616E5A200157D73 /* PreloadCellViewModel.swift */ = {isa = PBXFileReference; lastKnownFileType = sourcecode.swift; path = PreloadCellViewModel.swift; sourceTree = "<group>"; };
		E5CDF63A2616FB5C00157D73 /* RobohashClient.swift */ = {isa = PBXFileReference; lastKnownFileType = sourcecode.swift; path = RobohashClient.swift; sourceTree = "<group>"; };
		E5D9E1252609BC010054280A /* PreloadDemo.app */ = {isa = PBXFileReference; explicitFileType = wrapper.application; includeInIndex = 0; path = PreloadDemo.app; sourceTree = BUILT_PRODUCTS_DIR; };
		E5D9E1282609BC010054280A /* AppDelegate.swift */ = {isa = PBXFileReference; lastKnownFileType = sourcecode.swift; path = AppDelegate.swift; sourceTree = "<group>"; };
		E5D9E12A2609BC010054280A /* SceneDelegate.swift */ = {isa = PBXFileReference; lastKnownFileType = sourcecode.swift; path = SceneDelegate.swift; sourceTree = "<group>"; };
		E5D9E12C2609BC010054280A /* ViewController.swift */ = {isa = PBXFileReference; lastKnownFileType = sourcecode.swift; path = ViewController.swift; sourceTree = "<group>"; };
		E5D9E12F2609BC010054280A /* Base */ = {isa = PBXFileReference; lastKnownFileType = file.storyboard; name = Base; path = Base.lproj/Main.storyboard; sourceTree = "<group>"; };
		E5D9E1312609BC0C0054280A /* Assets.xcassets */ = {isa = PBXFileReference; lastKnownFileType = folder.assetcatalog; path = Assets.xcassets; sourceTree = "<group>"; };
		E5D9E1342609BC0C0054280A /* Base */ = {isa = PBXFileReference; lastKnownFileType = file.storyboard; name = Base; path = Base.lproj/LaunchScreen.storyboard; sourceTree = "<group>"; };
		E5D9E1362609BC0C0054280A /* Info.plist */ = {isa = PBXFileReference; lastKnownFileType = text.plist.xml; path = Info.plist; sourceTree = "<group>"; };
/* End PBXFileReference section */

/* Begin PBXFrameworksBuildPhase section */
		E5D9E1222609BC010054280A /* Frameworks */ = {
			isa = PBXFrameworksBuildPhase;
			buildActionMask = 2147483647;
			files = (
			);
			runOnlyForDeploymentPostprocessing = 0;
		};
/* End PBXFrameworksBuildPhase section */

/* Begin PBXGroup section */
		E5CDF62A2616C3BB00157D73 /* ViewModel */ = {
			isa = PBXGroup;
			children = (
				E5CDF6352616E5A200157D73 /* PreloadCellViewModel.swift */,
			);
			path = ViewModel;
			sourceTree = "<group>";
		};
		E5CDF62B2616C3C500157D73 /* Model */ = {
			isa = PBXGroup;
			children = (
				E5CDF62C2616E19100157D73 /* ImageModel.swift */,
			);
			path = Model;
			sourceTree = "<group>";
		};
		E5CDF6302616E3E100157D73 /* View */ = {
			isa = PBXGroup;
			children = (
				E5CDF6312616E41C00157D73 /* ProloadTableViewCell.swift */,
			);
			path = View;
			sourceTree = "<group>";
		};
		E5CDF6392616F8E600157D73 /* NetWork */ = {
			isa = PBXGroup;
			children = (
				E5CDF63A2616FB5C00157D73 /* RobohashClient.swift */,
			);
			path = NetWork;
			sourceTree = "<group>";
		};
		E5D9E11C2609BC010054280A = {
			isa = PBXGroup;
			children = (
				E5D9E1272609BC010054280A /* PreloadDemo */,
				E5D9E1262609BC010054280A /* Products */,
			);
			sourceTree = "<group>";
		};
		E5D9E1262609BC010054280A /* Products */ = {
			isa = PBXGroup;
			children = (
				E5D9E1252609BC010054280A /* PreloadDemo.app */,
			);
			name = Products;
			sourceTree = "<group>";
		};
		E5D9E1272609BC010054280A /* PreloadDemo */ = {
			isa = PBXGroup;
			children = (
				E5CDF6392616F8E600157D73 /* NetWork */,
				E5CDF6302616E3E100157D73 /* View */,
				E5CDF62B2616C3C500157D73 /* Model */,
				E5CDF62A2616C3BB00157D73 /* ViewModel */,
				E5D9E1282609BC010054280A /* AppDelegate.swift */,
				E5D9E12A2609BC010054280A /* SceneDelegate.swift */,
				E5D9E12C2609BC010054280A /* ViewController.swift */,
				E5D9E12E2609BC010054280A /* Main.storyboard */,
				E5D9E1312609BC0C0054280A /* Assets.xcassets */,
				E5D9E1332609BC0C0054280A /* LaunchScreen.storyboard */,
				E5D9E1362609BC0C0054280A /* Info.plist */,
			);
			path = PreloadDemo;
			sourceTree = "<group>";
		};
/* End PBXGroup section */

/* Begin PBXNativeTarget section */
		E5D9E1242609BC010054280A /* PreloadDemo */ = {
			isa = PBXNativeTarget;
			buildConfigurationList = E5D9E1392609BC0C0054280A /* Build configuration list for PBXNativeTarget "PreloadDemo" */;
			buildPhases = (
				E5D9E1212609BC010054280A /* Sources */,
				E5D9E1222609BC010054280A /* Frameworks */,
				E5D9E1232609BC010054280A /* Resources */,
			);
			buildRules = (
			);
			dependencies = (
			);
			name = PreloadDemo;
			productName = PreloadDemo;
			productReference = E5D9E1252609BC010054280A /* PreloadDemo.app */;
			productType = "com.apple.product-type.application";
		};
/* End PBXNativeTarget section */

/* Begin PBXProject section */
		E5D9E11D2609BC010054280A /* Project object */ = {
			isa = PBXProject;
			attributes = {
				LastSwiftUpdateCheck = 1230;
				LastUpgradeCheck = 1230;
				TargetAttributes = {
					E5D9E1242609BC010054280A = {
						CreatedOnToolsVersion = 12.3;
					};
				};
			};
			buildConfigurationList = E5D9E1202609BC010054280A /* Build configuration list for PBXProject "PreloadDemo" */;
			compatibilityVersion = "Xcode 9.3";
			developmentRegion = en;
			hasScannedForEncodings = 0;
			knownRegions = (
				en,
				Base,
			);
			mainGroup = E5D9E11C2609BC010054280A;
			productRefGroup = E5D9E1262609BC010054280A /* Products */;
			projectDirPath = "";
			projectRoot = "";
			targets = (
				E5D9E1242609BC010054280A /* PreloadDemo */,
			);
		};
/* End PBXProject section */

/* Begin PBXResourcesBuildPhase section */
		E5D9E1232609BC010054280A /* Resources */ = {
			isa = PBXResourcesBuildPhase;
			buildActionMask = 2147483647;
			files = (
				E5D9E1352609BC0C0054280A /* LaunchScreen.storyboard in Resources */,
				E5D9E1322609BC0C0054280A /* Assets.xcassets in Resources */,
				E5D9E1302609BC010054280A /* Main.storyboard in Resources */,
			);
			runOnlyForDeploymentPostprocessing = 0;
		};
/* End PBXResourcesBuildPhase section */

/* Begin PBXSourcesBuildPhase section */
		E5D9E1212609BC010054280A /* Sources */ = {
			isa = PBXSourcesBuildPhase;
			buildActionMask = 2147483647;
			files = (
				E5CDF63B2616FB5D00157D73 /* RobohashClient.swift in Sources */,
				E5D9E12D2609BC010054280A /* ViewController.swift in Sources */,
				E5D9E1292609BC010054280A /* AppDelegate.swift in Sources */,
				E5CDF6362616E5A200157D73 /* PreloadCellViewModel.swift in Sources */,
				E5D9E12B2609BC010054280A /* SceneDelegate.swift in Sources */,
				E5CDF62D2616E19200157D73 /* ImageModel.swift in Sources */,
				E5CDF6322616E41C00157D73 /* ProloadTableViewCell.swift in Sources */,
			);
			runOnlyForDeploymentPostprocessing = 0;
		};
/* End PBXSourcesBuildPhase section */

/* Begin PBXVariantGroup section */
		E5D9E12E2609BC010054280A /* Main.storyboard */ = {
			isa = PBXVariantGroup;
			children = (
				E5D9E12F2609BC010054280A /* Base */,
			);
			name = Main.storyboard;
			sourceTree = "<group>";
		};
		E5D9E1332609BC0C0054280A /* LaunchScreen.storyboard */ = {
			isa = PBXVariantGroup;
			children = (
				E5D9E1342609BC0C0054280A /* Base */,
			);
			name = LaunchScreen.storyboard;
			sourceTree = "<group>";
		};
/* End PBXVariantGroup section */

/* Begin XCBuildConfiguration section */
		E5D9E1372609BC0C0054280A /* Debug */ = {
			isa = XCBuildConfiguration;
			buildSettings = {
				ALWAYS_SEARCH_USER_PATHS = NO;
				CLANG_ANALYZER_NONNULL = YES;
				CLANG_ANALYZER_NUMBER_OBJECT_CONVERSION = YES_AGGRESSIVE;
				CLANG_CXX_LANGUAGE_STANDARD = "gnu++14";
				CLANG_CXX_LIBRARY = "libc++";
				CLANG_ENABLE_MODULES = YES;
				CLANG_ENABLE_OBJC_ARC = YES;
				CLANG_ENABLE_OBJC_WEAK = YES;
				CLANG_WARN_BLOCK_CAPTURE_AUTORELEASING = YES;
				CLANG_WARN_BOOL_CONVERSION = YES;
				CLANG_WARN_COMMA = YES;
				CLANG_WARN_CONSTANT_CONVERSION = YES;
				CLANG_WARN_DEPRECATED_OBJC_IMPLEMENTATIONS = YES;
				CLANG_WARN_DIRECT_OBJC_ISA_USAGE = YES_ERROR;
				CLANG_WARN_DOCUMENTATION_COMMENTS = YES;
				CLANG_WARN_EMPTY_BODY = YES;
				CLANG_WARN_ENUM_CONVERSION = YES;
				CLANG_WARN_INFINITE_RECURSION = YES;
				CLANG_WARN_INT_CONVERSION = YES;
				CLANG_WARN_NON_LITERAL_NULL_CONVERSION = YES;
				CLANG_WARN_OBJC_IMPLICIT_RETAIN_SELF = YES;
				CLANG_WARN_OBJC_LITERAL_CONVERSION = YES;
				CLANG_WARN_OBJC_ROOT_CLASS = YES_ERROR;
				CLANG_WARN_QUOTED_INCLUDE_IN_FRAMEWORK_HEADER = YES;
				CLANG_WARN_RANGE_LOOP_ANALYSIS = YES;
				CLANG_WARN_STRICT_PROTOTYPES = YES;
				CLANG_WARN_SUSPICIOUS_MOVE = YES;
				CLANG_WARN_UNGUARDED_AVAILABILITY = YES_AGGRESSIVE;
				CLANG_WARN_UNREACHABLE_CODE = YES;
				CLANG_WARN__DUPLICATE_METHOD_MATCH = YES;
				COPY_PHASE_STRIP = NO;
				DEBUG_INFORMATION_FORMAT = dwarf;
				ENABLE_STRICT_OBJC_MSGSEND = YES;
				ENABLE_TESTABILITY = YES;
				GCC_C_LANGUAGE_STANDARD = gnu11;
				GCC_DYNAMIC_NO_PIC = NO;
				GCC_NO_COMMON_BLOCKS = YES;
				GCC_OPTIMIZATION_LEVEL = 0;
				GCC_PREPROCESSOR_DEFINITIONS = (
					"DEBUG=1",
					"$(inherited)",
				);
				GCC_WARN_64_TO_32_BIT_CONVERSION = YES;
				GCC_WARN_ABOUT_RETURN_TYPE = YES_ERROR;
				GCC_WARN_UNDECLARED_SELECTOR = YES;
				GCC_WARN_UNINITIALIZED_AUTOS = YES_AGGRESSIVE;
				GCC_WARN_UNUSED_FUNCTION = YES;
				GCC_WARN_UNUSED_VARIABLE = YES;
				IPHONEOS_DEPLOYMENT_TARGET = 14.3;
				MTL_ENABLE_DEBUG_INFO = INCLUDE_SOURCE;
				MTL_FAST_MATH = YES;
				ONLY_ACTIVE_ARCH = YES;
				SDKROOT = iphoneos;
				SWIFT_ACTIVE_COMPILATION_CONDITIONS = DEBUG;
				SWIFT_OPTIMIZATION_LEVEL = "-Onone";
			};
			name = Debug;
		};
		E5D9E1382609BC0C0054280A /* Release */ = {
			isa = XCBuildConfiguration;
			buildSettings = {
				ALWAYS_SEARCH_USER_PATHS = NO;
				CLANG_ANALYZER_NONNULL = YES;
				CLANG_ANALYZER_NUMBER_OBJECT_CONVERSION = YES_AGGRESSIVE;
				CLANG_CXX_LANGUAGE_STANDARD = "gnu++14";
				CLANG_CXX_LIBRARY = "libc++";
				CLANG_ENABLE_MODULES = YES;
				CLANG_ENABLE_OBJC_ARC = YES;
				CLANG_ENABLE_OBJC_WEAK = YES;
				CLANG_WARN_BLOCK_CAPTURE_AUTORELEASING = YES;
				CLANG_WARN_BOOL_CONVERSION = YES;
				CLANG_WARN_COMMA = YES;
				CLANG_WARN_CONSTANT_CONVERSION = YES;
				CLANG_WARN_DEPRECATED_OBJC_IMPLEMENTATIONS = YES;
				CLANG_WARN_DIRECT_OBJC_ISA_USAGE = YES_ERROR;
				CLANG_WARN_DOCUMENTATION_COMMENTS = YES;
				CLANG_WARN_EMPTY_BODY = YES;
				CLANG_WARN_ENUM_CONVERSION = YES;
				CLANG_WARN_INFINITE_RECURSION = YES;
				CLANG_WARN_INT_CONVERSION = YES;
				CLANG_WARN_NON_LITERAL_NULL_CONVERSION = YES;
				CLANG_WARN_OBJC_IMPLICIT_RETAIN_SELF = YES;
				CLANG_WARN_OBJC_LITERAL_CONVERSION = YES;
				CLANG_WARN_OBJC_ROOT_CLASS = YES_ERROR;
				CLANG_WARN_QUOTED_INCLUDE_IN_FRAMEWORK_HEADER = YES;
				CLANG_WARN_RANGE_LOOP_ANALYSIS = YES;
				CLANG_WARN_STRICT_PROTOTYPES = YES;
				CLANG_WARN_SUSPICIOUS_MOVE = YES;
				CLANG_WARN_UNGUARDED_AVAILABILITY = YES_AGGRESSIVE;
				CLANG_WARN_UNREACHABLE_CODE = YES;
				CLANG_WARN__DUPLICATE_METHOD_MATCH = YES;
				COPY_PHASE_STRIP = NO;
				DEBUG_INFORMATION_FORMAT = "dwarf-with-dsym";
				ENABLE_NS_ASSERTIONS = NO;
				ENABLE_STRICT_OBJC_MSGSEND = YES;
				GCC_C_LANGUAGE_STANDARD = gnu11;
				GCC_NO_COMMON_BLOCKS = YES;
				GCC_WARN_64_TO_32_BIT_CONVERSION = YES;
				GCC_WARN_ABOUT_RETURN_TYPE = YES_ERROR;
				GCC_WARN_UNDECLARED_SELECTOR = YES;
				GCC_WARN_UNINITIALIZED_AUTOS = YES_AGGRESSIVE;
				GCC_WARN_UNUSED_FUNCTION = YES;
				GCC_WARN_UNUSED_VARIABLE = YES;
				IPHONEOS_DEPLOYMENT_TARGET = 14.3;
				MTL_ENABLE_DEBUG_INFO = NO;
				MTL_FAST_MATH = YES;
				SDKROOT = iphoneos;
				SWIFT_COMPILATION_MODE = wholemodule;
				SWIFT_OPTIMIZATION_LEVEL = "-O";
				VALIDATE_PRODUCT = YES;
			};
			name = Release;
		};
		E5D9E13A2609BC0C0054280A /* Debug */ = {
			isa = XCBuildConfiguration;
			buildSettings = {
				ASSETCATALOG_COMPILER_APPICON_NAME = AppIcon;
				ASSETCATALOG_COMPILER_GLOBAL_ACCENT_COLOR_NAME = AccentColor;
				CODE_SIGN_IDENTITY = "iPhone Developer";
				CODE_SIGN_STYLE = Manual;
				DEVELOPMENT_TEAM = WSSN499SLU;
				INFOPLIST_FILE = PreloadDemo/Info.plist;
				LD_RUNPATH_SEARCH_PATHS = (
					"$(inherited)",
					"@executable_path/Frameworks",
				);
				PRODUCT_BUNDLE_IDENTIFIER = com.snailgames.PreloadDemo;
				PRODUCT_NAME = "$(TARGET_NAME)";
				PROVISIONING_PROFILE_SPECIFIER = UniversalSnailDev;
				SWIFT_VERSION = 5.0;
				TARGETED_DEVICE_FAMILY = "1,2";
			};
			name = Debug;
		};
		E5D9E13B2609BC0C0054280A /* Release */ = {
			isa = XCBuildConfiguration;
			buildSettings = {
				ASSETCATALOG_COMPILER_APPICON_NAME = AppIcon;
				ASSETCATALOG_COMPILER_GLOBAL_ACCENT_COLOR_NAME = AccentColor;
				CODE_SIGN_IDENTITY = "iPhone Distribution";
				CODE_SIGN_STYLE = Manual;
				DEVELOPMENT_TEAM = T5646BFYTP;
				INFOPLIST_FILE = PreloadDemo/Info.plist;
				LD_RUNPATH_SEARCH_PATHS = (
					"$(inherited)",
					"@executable_path/Frameworks",
				);
				PRODUCT_BUNDLE_IDENTIFIER = com.snailgameusa.aowd;
				PRODUCT_NAME = "$(TARGET_NAME)";
				PROVISIONING_PROFILE_SPECIFIER = aowdDis;
				SWIFT_VERSION = 5.0;
				TARGETED_DEVICE_FAMILY = "1,2";
			};
			name = Release;
		};
/* End XCBuildConfiguration section */

/* Begin XCConfigurationList section */
		E5D9E1202609BC010054280A /* Build configuration list for PBXProject "PreloadDemo" */ = {
			isa = XCConfigurationList;
			buildConfigurations = (
				E5D9E1372609BC0C0054280A /* Debug */,
				E5D9E1382609BC0C0054280A /* Release */,
			);
			defaultConfigurationIsVisible = 0;
			defaultConfigurationName = Release;
		};
		E5D9E1392609BC0C0054280A /* Build configuration list for PBXNativeTarget "PreloadDemo" */ = {
			isa = XCConfigurationList;
			buildConfigurations = (
				E5D9E13A2609BC0C0054280A /* Debug */,
				E5D9E13B2609BC0C0054280A /* Release */,
			);
			defaultConfigurationIsVisible = 0;
			defaultConfigurationName = Release;
		};
/* End XCConfigurationList section */
	};
	rootObject = E5D9E11D2609BC010054280A /* Project object */;
}
